
Microsoft Visual Studio Solution File, Format Version 12.00
# Visual Studio 15
VisualStudioVersion = 15.0.27130.2010
MinimumVisualStudioVersion = 10.0.40219.1
Project("{FAE04EC0-301F-11D3-BF4B-00C04F79EFBC}") = "Weather", "Weather\Weather.csproj", "{CCEF1A27-6C82-4FE5-9543-8C10D9DED1BB}"
EndProject
Global
	GlobalSection(SolutionConfigurationPlatforms) = preSolution
		Debug|Any CPU = Debug|Any CPU
		Release|Any CPU = Release|Any CPU
	EndGlobalSection
	GlobalSection(ProjectConfigurationPlatforms) = postSolution
		{CCEF1A27-6C82-4FE5-9543-8C10D9DED1BB}.Debug|Any CPU.ActiveCfg = Debug|Any CPU
		{CCEF1A27-6C82-4FE5-9543-8C10D9DED1BB}.Debug|Any CPU.Build.0 = Debug|Any CPU
		{CCEF1A27-6C82-4FE5-9543-8C10D9DED1BB}.Release|Any CPU.ActiveCfg = Release|Any CPU
		{CCEF1A27-6C82-4FE5-9543-8C10D9DED1BB}.Release|Any CPU.Build.0 = Release|Any CPU
	EndGlobalSection
	GlobalSection(SolutionProperties) = preSolution
		HideSolutionNode = FALSE
	EndGlobalSection
	GlobalSection(ExtensibilityGlobals) = postSolution
		SolutionGuid = {4068A6C4-4FC8-43FB-AF67-99B498A80748}
	EndGlobalSection
EndGlobal
